
Microsoft Visual Studio Solution File, Format Version 12.00
# Visual Studio Version 16
VisualStudioVersion = 16.0.31005.135
MinimumVisualStudioVersion = 10.0.40219.1
Project("{FAE04EC0-301F-11D3-BF4B-00C04F79EFBC}") = "Vaida_Cecilia_Proiect", "Vaida_Cecilia_Proiect.csproj", "{5F446371-5411-447A-94C2-ADA8979F6793}"
EndProject
Global
	GlobalSection(SolutionConfigurationPlatforms) = preSolution
		Debug|Any CPU = Debug|Any CPU
		Release|Any CPU = Release|Any CPU
	EndGlobalSection
	GlobalSection(ProjectConfigurationPlatforms) = postSolution
		{5F446371-5411-447A-94C2-ADA8979F6793}.Debug|Any CPU.ActiveCfg = Debug|Any CPU
		{5F446371-5411-447A-94C2-ADA8979F6793}.Debug|Any CPU.Build.0 = Debug|Any CPU
		{5F446371-5411-447A-94C2-ADA8979F6793}.Release|Any CPU.ActiveCfg = Release|Any CPU
		{5F446371-5411-447A-94C2-ADA8979F6793}.Release|Any CPU.Build.0 = Release|Any CPU
	EndGlobalSection
	GlobalSection(SolutionProperties) = preSolution
		HideSolutionNode = FALSE
	EndGlobalSection
	GlobalSection(ExtensibilityGlobals) = postSolution
		SolutionGuid = {CE6181A7-49FB-422B-8751-27C827F3D25E}
	EndGlobalSection
EndGlobal
